
Microsoft Visual Studio Solution File, Format Version 12.00
# Visual Studio Version 17
VisualStudioVersion = 17.3.32922.545
MinimumVisualStudioVersion = 10.0.40219.1
Project("{FAE04EC0-301F-11D3-BF4B-00C04F79EFBC}") = "Hossu_Maria_Lab1", "Hossu_Maria_Lab1.csproj", "{5FC0A153-0AC3-48A2-9E4C-9C720E06E62A}"
EndProject
Global
	GlobalSection(SolutionConfigurationPlatforms) = preSolution
		Debug|Any CPU = Debug|Any CPU
		Release|Any CPU = Release|Any CPU
	EndGlobalSection
	GlobalSection(ProjectConfigurationPlatforms) = postSolution
		{5FC0A153-0AC3-48A2-9E4C-9C720E06E62A}.Debug|Any CPU.ActiveCfg = Debug|Any CPU
		{5FC0A153-0AC3-48A2-9E4C-9C720E06E62A}.Debug|Any CPU.Build.0 = Debug|Any CPU
		{5FC0A153-0AC3-48A2-9E4C-9C720E06E62A}.Release|Any CPU.ActiveCfg = Release|Any CPU
		{5FC0A153-0AC3-48A2-9E4C-9C720E06E62A}.Release|Any CPU.Build.0 = Release|Any CPU
	EndGlobalSection
	GlobalSection(SolutionProperties) = preSolution
		HideSolutionNode = FALSE
	EndGlobalSection
	GlobalSection(ExtensibilityGlobals) = postSolution
		SolutionGuid = {BCEB0AB7-1632-45B8-B094-CA5AB4B2CF58}
	EndGlobalSection
EndGlobal
